// !$*UTF8*$!
{
	archiveVersion = 1;
	classes = {
	};
	objectVersion = 55;
	objects = {

/* Begin PBXBuildFile section */
		046883C1E6B54F6349CF714C /* Pods_Parstagram_ParstagramUITests.framework in Frameworks */ = {isa = PBXBuildFile; fileRef = 2B9DF84DCC06427A8D71B482 /* Pods_Parstagram_ParstagramUITests.framework */; };
		1F27E57828E8887800E421B0 /* AppDelegate.swift in Sources */ = {isa = PBXBuildFile; fileRef = 1F27E57728E8887800E421B0 /* AppDelegate.swift */; };
		1F27E57A28E8887800E421B0 /* SceneDelegate.swift in Sources */ = {isa = PBXBuildFile; fileRef = 1F27E57928E8887800E421B0 /* SceneDelegate.swift */; };
		1F27E57F28E8887800E421B0 /* Main.storyboard in Resources */ = {isa = PBXBuildFile; fileRef = 1F27E57D28E8887800E421B0 /* Main.storyboard */; };
		1F27E58128E8887800E421B0 /* Assets.xcassets in Resources */ = {isa = PBXBuildFile; fileRef = 1F27E58028E8887800E421B0 /* Assets.xcassets */; };
		1F27E58428E8887800E421B0 /* LaunchScreen.storyboard in Resources */ = {isa = PBXBuildFile; fileRef = 1F27E58228E8887800E421B0 /* LaunchScreen.storyboard */; };
		1F27E58F28E8887900E421B0 /* ParstagramTests.swift in Sources */ = {isa = PBXBuildFile; fileRef = 1F27E58E28E8887900E421B0 /* ParstagramTests.swift */; };
		1F27E59928E8887900E421B0 /* ParstagramUITests.swift in Sources */ = {isa = PBXBuildFile; fileRef = 1F27E59828E8887900E421B0 /* ParstagramUITests.swift */; };
		1F27E59B28E8887900E421B0 /* ParstagramUITestsLaunchTests.swift in Sources */ = {isa = PBXBuildFile; fileRef = 1F27E59A28E8887900E421B0 /* ParstagramUITestsLaunchTests.swift */; };
		1F27E5A828E88FC500E421B0 /* LoginViewController.swift in Sources */ = {isa = PBXBuildFile; fileRef = 1F27E5A728E88FC500E421B0 /* LoginViewController.swift */; };
		1F27E5AA28E88FEA00E421B0 /* FeedViewController.swift in Sources */ = {isa = PBXBuildFile; fileRef = 1F27E5A928E88FEA00E421B0 /* FeedViewController.swift */; };
		1F27E5AC28E8A44600E421B0 /* CameraViewController.swift in Sources */ = {isa = PBXBuildFile; fileRef = 1F27E5AB28E8A44600E421B0 /* CameraViewController.swift */; };
		1F27E5AF28E8AB4A00E421B0 /* AlamofireImage in Frameworks */ = {isa = PBXBuildFile; productRef = 1F27E5AE28E8AB4A00E421B0 /* AlamofireImage */; };
		1F27E5B228E8AB7E00E421B0 /* AlamofireImage in Frameworks */ = {isa = PBXBuildFile; productRef = 1F27E5B128E8AB7E00E421B0 /* AlamofireImage */; };
		976BBE421FA043388C76F8E3 /* Pods_Parstagram.framework in Frameworks */ = {isa = PBXBuildFile; fileRef = 10A1CAE47BC6DA24B8E9A1F1 /* Pods_Parstagram.framework */; };
		F359C5D05B5E598AD6B32F1A /* Pods_ParstagramTests.framework in Frameworks */ = {isa = PBXBuildFile; fileRef = 3EF3624B7051E97FB283A4D3 /* Pods_ParstagramTests.framework */; };
/* End PBXBuildFile section */

/* Begin PBXContainerItemProxy section */
		1F27E58B28E8887900E421B0 /* PBXContainerItemProxy */ = {
			isa = PBXContainerItemProxy;
			containerPortal = 1F27E56C28E8887700E421B0 /* Project object */;
			proxyType = 1;
			remoteGlobalIDString = 1F27E57328E8887800E421B0;
			remoteInfo = Parstagram;
		};
		1F27E59528E8887900E421B0 /* PBXContainerItemProxy */ = {
			isa = PBXContainerItemProxy;
			containerPortal = 1F27E56C28E8887700E421B0 /* Project object */;
			proxyType = 1;
			remoteGlobalIDString = 1F27E57328E8887800E421B0;
			remoteInfo = Parstagram;
		};
/* End PBXContainerItemProxy section */

/* Begin PBXFileReference section */
		10A1CAE47BC6DA24B8E9A1F1 /* Pods_Parstagram.framework */ = {isa = PBXFileReference; explicitFileType = wrapper.framework; includeInIndex = 0; path = Pods_Parstagram.framework; sourceTree = BUILT_PRODUCTS_DIR; };
		1F27E57428E8887800E421B0 /* Parstagram.app */ = {isa = PBXFileReference; explicitFileType = wrapper.application; includeInIndex = 0; path = Parstagram.app; sourceTree = BUILT_PRODUCTS_DIR; };
		1F27E57728E8887800E421B0 /* AppDelegate.swift */ = {isa = PBXFileReference; lastKnownFileType = sourcecode.swift; path = AppDelegate.swift; sourceTree = "<group>"; };
		1F27E57928E8887800E421B0 /* SceneDelegate.swift */ = {isa = PBXFileReference; lastKnownFileType = sourcecode.swift; path = SceneDelegate.swift; sourceTree = "<group>"; };
		1F27E57E28E8887800E421B0 /* Base */ = {isa = PBXFileReference; lastKnownFileType = file.storyboard; name = Base; path = Base.lproj/Main.storyboard; sourceTree = "<group>"; };
		1F27E58028E8887800E421B0 /* Assets.xcassets */ = {isa = PBXFileReference; lastKnownFileType = folder.assetcatalog; path = Assets.xcassets; sourceTree = "<group>"; };
		1F27E58328E8887800E421B0 /* Base */ = {isa = PBXFileReference; lastKnownFileType = file.storyboard; name = Base; path = Base.lproj/LaunchScreen.storyboard; sourceTree = "<group>"; };
		1F27E58528E8887800E421B0 /* Info.plist */ = {isa = PBXFileReference; lastKnownFileType = text.plist.xml; path = Info.plist; sourceTree = "<group>"; };
		1F27E58A28E8887900E421B0 /* ParstagramTests.xctest */ = {isa = PBXFileReference; explicitFileType = wrapper.cfbundle; includeInIndex = 0; path = ParstagramTests.xctest; sourceTree = BUILT_PRODUCTS_DIR; };
		1F27E58E28E8887900E421B0 /* ParstagramTests.swift */ = {isa = PBXFileReference; lastKnownFileType = sourcecode.swift; path = ParstagramTests.swift; sourceTree = "<group>"; };
		1F27E59428E8887900E421B0 /* ParstagramUITests.xctest */ = {isa = PBXFileReference; explicitFileType = wrapper.cfbundle; includeInIndex = 0; path = ParstagramUITests.xctest; sourceTree = BUILT_PRODUCTS_DIR; };
		1F27E59828E8887900E421B0 /* ParstagramUITests.swift */ = {isa = PBXFileReference; lastKnownFileType = sourcecode.swift; path = ParstagramUITests.swift; sourceTree = "<group>"; };
		1F27E59A28E8887900E421B0 /* ParstagramUITestsLaunchTests.swift */ = {isa = PBXFileReference; lastKnownFileType = sourcecode.swift; path = ParstagramUITestsLaunchTests.swift; sourceTree = "<group>"; };
		1F27E5A728E88FC500E421B0 /* LoginViewController.swift */ = {isa = PBXFileReference; lastKnownFileType = sourcecode.swift; path = LoginViewController.swift; sourceTree = "<group>"; };
		1F27E5A928E88FEA00E421B0 /* FeedViewController.swift */ = {isa = PBXFileReference; lastKnownFileType = sourcecode.swift; path = FeedViewController.swift; sourceTree = "<group>"; };
		1F27E5AB28E8A44600E421B0 /* CameraViewController.swift */ = {isa = PBXFileReference; lastKnownFileType = sourcecode.swift; path = CameraViewController.swift; sourceTree = "<group>"; };
		2B9DF84DCC06427A8D71B482 /* Pods_Parstagram_ParstagramUITests.framework */ = {isa = PBXFileReference; explicitFileType = wrapper.framework; includeInIndex = 0; path = Pods_Parstagram_ParstagramUITests.framework; sourceTree = BUILT_PRODUCTS_DIR; };
		3D63F5F31B718EC4E817228E /* Pods-Parstagram.release.xcconfig */ = {isa = PBXFileReference; includeInIndex = 1; lastKnownFileType = text.xcconfig; name = "Pods-Parstagram.release.xcconfig"; path = "Target Support Files/Pods-Parstagram/Pods-Parstagram.release.xcconfig"; sourceTree = "<group>"; };
		3EF3624B7051E97FB283A4D3 /* Pods_ParstagramTests.framework */ = {isa = PBXFileReference; explicitFileType = wrapper.framework; includeInIndex = 0; path = Pods_ParstagramTests.framework; sourceTree = BUILT_PRODUCTS_DIR; };
		4EC0216C05E8C2C29905F2DD /* Pods-ParstagramTests.debug.xcconfig */ = {isa = PBXFileReference; includeInIndex = 1; lastKnownFileType = text.xcconfig; name = "Pods-ParstagramTests.debug.xcconfig"; path = "Target Support Files/Pods-ParstagramTests/Pods-ParstagramTests.debug.xcconfig"; sourceTree = "<group>"; };
		559C7B9F9C0C6F6AFD93E1F4 /* Pods-Parstagram-ParstagramUITests.debug.xcconfig */ = {isa = PBXFileReference; includeInIndex = 1; lastKnownFileType = text.xcconfig; name = "Pods-Parstagram-ParstagramUITests.debug.xcconfig"; path = "Target Support Files/Pods-Parstagram-ParstagramUITests/Pods-Parstagram-ParstagramUITests.debug.xcconfig"; sourceTree = "<group>"; };
		D4FA48CAEFD89E673F9E0B5D /* Pods-Parstagram.debug.xcconfig */ = {isa = PBXFileReference; includeInIndex = 1; lastKnownFileType = text.xcconfig; name = "Pods-Parstagram.debug.xcconfig"; path = "Target Support Files/Pods-Parstagram/Pods-Parstagram.debug.xcconfig"; sourceTree = "<group>"; };
		D52ECC6230585FA155572864 /* Pods-ParstagramTests.release.xcconfig */ = {isa = PBXFileReference; includeInIndex = 1; lastKnownFileType = text.xcconfig; name = "Pods-ParstagramTests.release.xcconfig"; path = "Target Support Files/Pods-ParstagramTests/Pods-ParstagramTests.release.xcconfig"; sourceTree = "<group>"; };
		DD0276D3EB8864A3BE81AEAB /* Pods-Parstagram-ParstagramUITests.release.xcconfig */ = {isa = PBXFileReference; includeInIndex = 1; lastKnownFileType = text.xcconfig; name = "Pods-Parstagram-ParstagramUITests.release.xcconfig"; path = "Target Support Files/Pods-Parstagram-ParstagramUITests/Pods-Parstagram-ParstagramUITests.release.xcconfig"; sourceTree = "<group>"; };
/* End PBXFileReference section */

/* Begin PBXFrameworksBuildPhase section */
		1F27E57128E8887800E421B0 /* Frameworks */ = {
			isa = PBXFrameworksBuildPhase;
			buildActionMask = 2147483647;
			files = (
				976BBE421FA043388C76F8E3 /* Pods_Parstagram.framework in Frameworks */,
				1F27E5AF28E8AB4A00E421B0 /* AlamofireImage in Frameworks */,
				1F27E5B228E8AB7E00E421B0 /* AlamofireImage in Frameworks */,
			);
			runOnlyForDeploymentPostprocessing = 0;
		};
		1F27E58728E8887900E421B0 /* Frameworks */ = {
			isa = PBXFrameworksBuildPhase;
			buildActionMask = 2147483647;
			files = (
				F359C5D05B5E598AD6B32F1A /* Pods_ParstagramTests.framework in Frameworks */,
			);
			runOnlyForDeploymentPostprocessing = 0;
		};
		1F27E59128E8887900E421B0 /* Frameworks */ = {
			isa = PBXFrameworksBuildPhase;
			buildActionMask = 2147483647;
			files = (
				046883C1E6B54F6349CF714C /* Pods_Parstagram_ParstagramUITests.framework in Frameworks */,
			);
			runOnlyForDeploymentPostprocessing = 0;
		};
/* End PBXFrameworksBuildPhase section */

/* Begin PBXGroup section */
		1F27E56B28E8887700E421B0 = {
			isa = PBXGroup;
			children = (
				1F27E57628E8887800E421B0 /* Parstagram */,
				1F27E58D28E8887900E421B0 /* ParstagramTests */,
				1F27E59728E8887900E421B0 /* ParstagramUITests */,
				1F27E57528E8887800E421B0 /* Products */,
				57BA095A0532EFD8B3C9286F /* Pods */,
				8E229C0BB60B89712CE761A5 /* Frameworks */,
			);
			sourceTree = "<group>";
		};
		1F27E57528E8887800E421B0 /* Products */ = {
			isa = PBXGroup;
			children = (
				1F27E57428E8887800E421B0 /* Parstagram.app */,
				1F27E58A28E8887900E421B0 /* ParstagramTests.xctest */,
				1F27E59428E8887900E421B0 /* ParstagramUITests.xctest */,
			);
			name = Products;
			sourceTree = "<group>";
		};
		1F27E57628E8887800E421B0 /* Parstagram */ = {
			isa = PBXGroup;
			children = (
				1F27E57728E8887800E421B0 /* AppDelegate.swift */,
				1F27E57928E8887800E421B0 /* SceneDelegate.swift */,
				1F27E57D28E8887800E421B0 /* Main.storyboard */,
				1F27E5A728E88FC500E421B0 /* LoginViewController.swift */,
				1F27E5A928E88FEA00E421B0 /* FeedViewController.swift */,
				1F27E58028E8887800E421B0 /* Assets.xcassets */,
				1F27E58228E8887800E421B0 /* LaunchScreen.storyboard */,
				1F27E58528E8887800E421B0 /* Info.plist */,
				1F27E5AB28E8A44600E421B0 /* CameraViewController.swift */,
			);
			path = Parstagram;
			sourceTree = "<group>";
		};
		1F27E58D28E8887900E421B0 /* ParstagramTests */ = {
			isa = PBXGroup;
			children = (
				1F27E58E28E8887900E421B0 /* ParstagramTests.swift */,
			);
			path = ParstagramTests;
			sourceTree = "<group>";
		};
		1F27E59728E8887900E421B0 /* ParstagramUITests */ = {
			isa = PBXGroup;
			children = (
				1F27E59828E8887900E421B0 /* ParstagramUITests.swift */,
				1F27E59A28E8887900E421B0 /* ParstagramUITestsLaunchTests.swift */,
			);
			path = ParstagramUITests;
			sourceTree = "<group>";
		};
		57BA095A0532EFD8B3C9286F /* Pods */ = {
			isa = PBXGroup;
			children = (
				D4FA48CAEFD89E673F9E0B5D /* Pods-Parstagram.debug.xcconfig */,
				3D63F5F31B718EC4E817228E /* Pods-Parstagram.release.xcconfig */,
				559C7B9F9C0C6F6AFD93E1F4 /* Pods-Parstagram-ParstagramUITests.debug.xcconfig */,
				DD0276D3EB8864A3BE81AEAB /* Pods-Parstagram-ParstagramUITests.release.xcconfig */,
				4EC0216C05E8C2C29905F2DD /* Pods-ParstagramTests.debug.xcconfig */,
				D52ECC6230585FA155572864 /* Pods-ParstagramTests.release.xcconfig */,
			);
			path = Pods;
			sourceTree = "<group>";
		};
		8E229C0BB60B89712CE761A5 /* Frameworks */ = {
			isa = PBXGroup;
			children = (
				10A1CAE47BC6DA24B8E9A1F1 /* Pods_Parstagram.framework */,
				2B9DF84DCC06427A8D71B482 /* Pods_Parstagram_ParstagramUITests.framework */,
				3EF3624B7051E97FB283A4D3 /* Pods_ParstagramTests.framework */,
			);
			name = Frameworks;
			sourceTree = "<group>";
		};
/* End PBXGroup section */

/* Begin PBXNativeTarget section */
		1F27E57328E8887800E421B0 /* Parstagram */ = {
			isa = PBXNativeTarget;
			buildConfigurationList = 1F27E59E28E8887900E421B0 /* Build configuration list for PBXNativeTarget "Parstagram" */;
			buildPhases = (
				C2EBF7A8AFD40500C66A13B0 /* [CP] Check Pods Manifest.lock */,
				1F27E57028E8887800E421B0 /* Sources */,
				1F27E57128E8887800E421B0 /* Frameworks */,
				1F27E57228E8887800E421B0 /* Resources */,
				E5C28078FC3DF4D03208C430 /* [CP] Embed Pods Frameworks */,
			);
			buildRules = (
			);
			dependencies = (
			);
			name = Parstagram;
			packageProductDependencies = (
				1F27E5AE28E8AB4A00E421B0 /* AlamofireImage */,
				1F27E5B128E8AB7E00E421B0 /* AlamofireImage */,
			);
			productName = Parstagram;
			productReference = 1F27E57428E8887800E421B0 /* Parstagram.app */;
			productType = "com.apple.product-type.application";
		};
		1F27E58928E8887900E421B0 /* ParstagramTests */ = {
			isa = PBXNativeTarget;
			buildConfigurationList = 1F27E5A128E8887900E421B0 /* Build configuration list for PBXNativeTarget "ParstagramTests" */;
			buildPhases = (
				FDF841A0C51BC3CF8885B251 /* [CP] Check Pods Manifest.lock */,
				1F27E58628E8887900E421B0 /* Sources */,
				1F27E58728E8887900E421B0 /* Frameworks */,
				1F27E58828E8887900E421B0 /* Resources */,
			);
			buildRules = (
			);
			dependencies = (
				1F27E58C28E8887900E421B0 /* PBXTargetDependency */,
			);
			name = ParstagramTests;
			productName = ParstagramTests;
			productReference = 1F27E58A28E8887900E421B0 /* ParstagramTests.xctest */;
			productType = "com.apple.product-type.bundle.unit-test";
		};
		1F27E59328E8887900E421B0 /* ParstagramUITests */ = {
			isa = PBXNativeTarget;
			buildConfigurationList = 1F27E5A428E8887900E421B0 /* Build configuration list for PBXNativeTarget "ParstagramUITests" */;
			buildPhases = (
				53D4E35E269C4823515BAF49 /* [CP] Check Pods Manifest.lock */,
				1F27E59028E8887900E421B0 /* Sources */,
				1F27E59128E8887900E421B0 /* Frameworks */,
				1F27E59228E8887900E421B0 /* Resources */,
				17155A4920A9891BA28227F1 /* [CP] Embed Pods Frameworks */,
			);
			buildRules = (
			);
			dependencies = (
				1F27E59628E8887900E421B0 /* PBXTargetDependency */,
			);
			name = ParstagramUITests;
			productName = ParstagramUITests;
			productReference = 1F27E59428E8887900E421B0 /* ParstagramUITests.xctest */;
			productType = "com.apple.product-type.bundle.ui-testing";
		};
/* End PBXNativeTarget section */

/* Begin PBXProject section */
		1F27E56C28E8887700E421B0 /* Project object */ = {
			isa = PBXProject;
			attributes = {
				BuildIndependentTargetsInParallel = 1;
				LastSwiftUpdateCheck = 1340;
				LastUpgradeCheck = 1340;
				TargetAttributes = {
					1F27E57328E8887800E421B0 = {
						CreatedOnToolsVersion = 13.4.1;
					};
					1F27E58928E8887900E421B0 = {
						CreatedOnToolsVersion = 13.4.1;
						TestTargetID = 1F27E57328E8887800E421B0;
					};
					1F27E59328E8887900E421B0 = {
						CreatedOnToolsVersion = 13.4.1;
						TestTargetID = 1F27E57328E8887800E421B0;
					};
				};
			};
			buildConfigurationList = 1F27E56F28E8887700E421B0 /* Build configuration list for PBXProject "Parstagram" */;
			compatibilityVersion = "Xcode 13.0";
			developmentRegion = en;
			hasScannedForEncodings = 0;
			knownRegions = (
				en,
				Base,
			);
			mainGroup = 1F27E56B28E8887700E421B0;
			packageReferences = (
				1F27E5AD28E8AB4A00E421B0 /* XCRemoteSwiftPackageReference "AlamofireImage" */,
				1F27E5B028E8AB7E00E421B0 /* XCRemoteSwiftPackageReference "AlamofireImage" */,
			);
			productRefGroup = 1F27E57528E8887800E421B0 /* Products */;
			projectDirPath = "";
			projectRoot = "";
			targets = (
				1F27E57328E8887800E421B0 /* Parstagram */,
				1F27E58928E8887900E421B0 /* ParstagramTests */,
				1F27E59328E8887900E421B0 /* ParstagramUITests */,
			);
		};
/* End PBXProject section */

/* Begin PBXResourcesBuildPhase section */
		1F27E57228E8887800E421B0 /* Resources */ = {
			isa = PBXResourcesBuildPhase;
			buildActionMask = 2147483647;
			files = (
				1F27E58428E8887800E421B0 /* LaunchScreen.storyboard in Resources */,
				1F27E58128E8887800E421B0 /* Assets.xcassets in Resources */,
				1F27E57F28E8887800E421B0 /* Main.storyboard in Resources */,
			);
			runOnlyForDeploymentPostprocessing = 0;
		};
		1F27E58828E8887900E421B0 /* Resources */ = {
			isa = PBXResourcesBuildPhase;
			buildActionMask = 2147483647;
			files = (
			);
			runOnlyForDeploymentPostprocessing = 0;
		};
		1F27E59228E8887900E421B0 /* Resources */ = {
			isa = PBXResourcesBuildPhase;
			buildActionMask = 2147483647;
			files = (
			);
			runOnlyForDeploymentPostprocessing = 0;
		};
/* End PBXResourcesBuildPhase section */

/* Begin PBXShellScriptBuildPhase section */
		17155A4920A9891BA28227F1 /* [CP] Embed Pods Frameworks */ = {
			isa = PBXShellScriptBuildPhase;
			buildActionMask = 2147483647;
			files = (
			);
			inputFileListPaths = (
				"${PODS_ROOT}/Target Support Files/Pods-Parstagram-ParstagramUITests/Pods-Parstagram-ParstagramUITests-frameworks-${CONFIGURATION}-input-files.xcfilelist",
			);
			name = "[CP] Embed Pods Frameworks";
			outputFileListPaths = (
				"${PODS_ROOT}/Target Support Files/Pods-Parstagram-ParstagramUITests/Pods-Parstagram-ParstagramUITests-frameworks-${CONFIGURATION}-output-files.xcfilelist",
			);
			runOnlyForDeploymentPostprocessing = 0;
			shellPath = /bin/sh;
			shellScript = "\"${PODS_ROOT}/Target Support Files/Pods-Parstagram-ParstagramUITests/Pods-Parstagram-ParstagramUITests-frameworks.sh\"\n";
			showEnvVarsInLog = 0;
		};
		53D4E35E269C4823515BAF49 /* [CP] Check Pods Manifest.lock */ = {
			isa = PBXShellScriptBuildPhase;
			buildActionMask = 2147483647;
			files = (
			);
			inputFileListPaths = (
			);
			inputPaths = (
				"${PODS_PODFILE_DIR_PATH}/Podfile.lock",
				"${PODS_ROOT}/Manifest.lock",
			);
			name = "[CP] Check Pods Manifest.lock";
			outputFileListPaths = (
			);
			outputPaths = (
				"$(DERIVED_FILE_DIR)/Pods-Parstagram-ParstagramUITests-checkManifestLockResult.txt",
			);
			runOnlyForDeploymentPostprocessing = 0;
			shellPath = /bin/sh;
			shellScript = "diff \"${PODS_PODFILE_DIR_PATH}/Podfile.lock\" \"${PODS_ROOT}/Manifest.lock\" > /dev/null\nif [ $? != 0 ] ; then\n    # print error to STDERR\n    echo \"error: The sandbox is not in sync with the Podfile.lock. Run 'pod install' or update your CocoaPods installation.\" >&2\n    exit 1\nfi\n# This output is used by Xcode 'outputs' to avoid re-running this script phase.\necho \"SUCCESS\" > \"${SCRIPT_OUTPUT_FILE_0}\"\n";
			showEnvVarsInLog = 0;
		};
		C2EBF7A8AFD40500C66A13B0 /* [CP] Check Pods Manifest.lock */ = {
			isa = PBXShellScriptBuildPhase;
			buildActionMask = 2147483647;
			files = (
			);
			inputFileListPaths = (
			);
			inputPaths = (
				"${PODS_PODFILE_DIR_PATH}/Podfile.lock",
				"${PODS_ROOT}/Manifest.lock",
			);
			name = "[CP] Check Pods Manifest.lock";
			outputFileListPaths = (
			);
			outputPaths = (
				"$(DERIVED_FILE_DIR)/Pods-Parstagram-checkManifestLockResult.txt",
			);
			runOnlyForDeploymentPostprocessing = 0;
			shellPath = /bin/sh;
			shellScript = "diff \"${PODS_PODFILE_DIR_PATH}/Podfile.lock\" \"${PODS_ROOT}/Manifest.lock\" > /dev/null\nif [ $? != 0 ] ; then\n    # print error to STDERR\n    echo \"error: The sandbox is not in sync with the Podfile.lock. Run 'pod install' or update your CocoaPods installation.\" >&2\n    exit 1\nfi\n# This output is used by Xcode 'outputs' to avoid re-running this script phase.\necho \"SUCCESS\" > \"${SCRIPT_OUTPUT_FILE_0}\"\n";
			showEnvVarsInLog = 0;
		};
		E5C28078FC3DF4D03208C430 /* [CP] Embed Pods Frameworks */ = {
			isa = PBXShellScriptBuildPhase;
			buildActionMask = 2147483647;
			files = (
			);
			inputFileListPaths = (
				"${PODS_ROOT}/Target Support Files/Pods-Parstagram/Pods-Parstagram-frameworks-${CONFIGURATION}-input-files.xcfilelist",
			);
			name = "[CP] Embed Pods Frameworks";
			outputFileListPaths = (
				"${PODS_ROOT}/Target Support Files/Pods-Parstagram/Pods-Parstagram-frameworks-${CONFIGURATION}-output-files.xcfilelist",
			);
			runOnlyForDeploymentPostprocessing = 0;
			shellPath = /bin/sh;
			shellScript = "\"${PODS_ROOT}/Target Support Files/Pods-Parstagram/Pods-Parstagram-frameworks.sh\"\n";
			showEnvVarsInLog = 0;
		};
		FDF841A0C51BC3CF8885B251 /* [CP] Check Pods Manifest.lock */ = {
			isa = PBXShellScriptBuildPhase;
			buildActionMask = 2147483647;
			files = (
			);
			inputFileListPaths = (
			);
			inputPaths = (
				"${PODS_PODFILE_DIR_PATH}/Podfile.lock",
				"${PODS_ROOT}/Manifest.lock",
			);
			name = "[CP] Check Pods Manifest.lock";
			outputFileListPaths = (
			);
			outputPaths = (
				"$(DERIVED_FILE_DIR)/Pods-ParstagramTests-checkManifestLockResult.txt",
			);
			runOnlyForDeploymentPostprocessing = 0;
			shellPath = /bin/sh;
			shellScript = "diff \"${PODS_PODFILE_DIR_PATH}/Podfile.lock\" \"${PODS_ROOT}/Manifest.lock\" > /dev/null\nif [ $? != 0 ] ; then\n    # print error to STDERR\n    echo \"error: The sandbox is not in sync with the Podfile.lock. Run 'pod install' or update your CocoaPods installation.\" >&2\n    exit 1\nfi\n# This output is used by Xcode 'outputs' to avoid re-running this script phase.\necho \"SUCCESS\" > \"${SCRIPT_OUTPUT_FILE_0}\"\n";
			showEnvVarsInLog = 0;
		};
/* End PBXShellScriptBuildPhase section */

/* Begin PBXSourcesBuildPhase section */
		1F27E57028E8887800E421B0 /* Sources */ = {
			isa = PBXSourcesBuildPhase;
			buildActionMask = 2147483647;
			files = (
				1F27E5A828E88FC500E421B0 /* LoginViewController.swift in Sources */,
				1F27E5AC28E8A44600E421B0 /* CameraViewController.swift in Sources */,
				1F27E57828E8887800E421B0 /* AppDelegate.swift in Sources */,
				1F27E5AA28E88FEA00E421B0 /* FeedViewController.swift in Sources */,
				1F27E57A28E8887800E421B0 /* SceneDelegate.swift in Sources */,
			);
			runOnlyForDeploymentPostprocessing = 0;
		};
		1F27E58628E8887900E421B0 /* Sources */ = {
			isa = PBXSourcesBuildPhase;
			buildActionMask = 2147483647;
			files = (
				1F27E58F28E8887900E421B0 /* ParstagramTests.swift in Sources */,
			);
			runOnlyForDeploymentPostprocessing = 0;
		};
		1F27E59028E8887900E421B0 /* Sources */ = {
			isa = PBXSourcesBuildPhase;
			buildActionMask = 2147483647;
			files = (
				1F27E59B28E8887900E421B0 /* ParstagramUITestsLaunchTests.swift in Sources */,
				1F27E59928E8887900E421B0 /* ParstagramUITests.swift in Sources */,
			);
			runOnlyForDeploymentPostprocessing = 0;
		};
/* End PBXSourcesBuildPhase section */

/* Begin PBXTargetDependency section */
		1F27E58C28E8887900E421B0 /* PBXTargetDependency */ = {
			isa = PBXTargetDependency;
			target = 1F27E57328E8887800E421B0 /* Parstagram */;
			targetProxy = 1F27E58B28E8887900E421B0 /* PBXContainerItemProxy */;
		};
		1F27E59628E8887900E421B0 /* PBXTargetDependency */ = {
			isa = PBXTargetDependency;
			target = 1F27E57328E8887800E421B0 /* Parstagram */;
			targetProxy = 1F27E59528E8887900E421B0 /* PBXContainerItemProxy */;
		};
/* End PBXTargetDependency section */

/* Begin PBXVariantGroup section */
		1F27E57D28E8887800E421B0 /* Main.storyboard */ = {
			isa = PBXVariantGroup;
			children = (
				1F27E57E28E8887800E421B0 /* Base */,
			);
			name = Main.storyboard;
			sourceTree = "<group>";
		};
		1F27E58228E8887800E421B0 /* LaunchScreen.storyboard */ = {
			isa = PBXVariantGroup;
			children = (
				1F27E58328E8887800E421B0 /* Base */,
			);
			name = LaunchScreen.storyboard;
			sourceTree = "<group>";
		};
/* End PBXVariantGroup section */

/* Begin XCBuildConfiguration section */
		1F27E59C28E8887900E421B0 /* Debug */ = {
			isa = XCBuildConfiguration;
			buildSettings = {
				ALWAYS_SEARCH_USER_PATHS = NO;
				CLANG_ANALYZER_NONNULL = YES;
				CLANG_ANALYZER_NUMBER_OBJECT_CONVERSION = YES_AGGRESSIVE;
				CLANG_CXX_LANGUAGE_STANDARD = "gnu++17";
				CLANG_ENABLE_MODULES = YES;
				CLANG_ENABLE_OBJC_ARC = YES;
				CLANG_ENABLE_OBJC_WEAK = YES;
				CLANG_WARN_BLOCK_CAPTURE_AUTORELEASING = YES;
				CLANG_WARN_BOOL_CONVERSION = YES;
				CLANG_WARN_COMMA = YES;
				CLANG_WARN_CONSTANT_CONVERSION = YES;
				CLANG_WARN_DEPRECATED_OBJC_IMPLEMENTATIONS = YES;
				CLANG_WARN_DIRECT_OBJC_ISA_USAGE = YES_ERROR;
				CLANG_WARN_DOCUMENTATION_COMMENTS = YES;
				CLANG_WARN_EMPTY_BODY = YES;
				CLANG_WARN_ENUM_CONVERSION = YES;
				CLANG_WARN_INFINITE_RECURSION = YES;
				CLANG_WARN_INT_CONVERSION = YES;
				CLANG_WARN_NON_LITERAL_NULL_CONVERSION = YES;
				CLANG_WARN_OBJC_IMPLICIT_RETAIN_SELF = YES;
				CLANG_WARN_OBJC_LITERAL_CONVERSION = YES;
				CLANG_WARN_OBJC_ROOT_CLASS = YES_ERROR;
				CLANG_WARN_QUOTED_INCLUDE_IN_FRAMEWORK_HEADER = YES;
				CLANG_WARN_RANGE_LOOP_ANALYSIS = YES;
				CLANG_WARN_STRICT_PROTOTYPES = YES;
				CLANG_WARN_SUSPICIOUS_MOVE = YES;
				CLANG_WARN_UNGUARDED_AVAILABILITY = YES_AGGRESSIVE;
				CLANG_WARN_UNREACHABLE_CODE = YES;
				CLANG_WARN__DUPLICATE_METHOD_MATCH = YES;
				COPY_PHASE_STRIP = NO;
				DEBUG_INFORMATION_FORMAT = dwarf;
				ENABLE_STRICT_OBJC_MSGSEND = YES;
				ENABLE_TESTABILITY = YES;
				GCC_C_LANGUAGE_STANDARD = gnu11;
				GCC_DYNAMIC_NO_PIC = NO;
				GCC_NO_COMMON_BLOCKS = YES;
				GCC_OPTIMIZATION_LEVEL = 0;
				GCC_PREPROCESSOR_DEFINITIONS = (
					"DEBUG=1",
					"$(inherited)",
				);
				GCC_WARN_64_TO_32_BIT_CONVERSION = YES;
				GCC_WARN_ABOUT_RETURN_TYPE = YES_ERROR;
				GCC_WARN_UNDECLARED_SELECTOR = YES;
				GCC_WARN_UNINITIALIZED_AUTOS = YES_AGGRESSIVE;
				GCC_WARN_UNUSED_FUNCTION = YES;
				GCC_WARN_UNUSED_VARIABLE = YES;
				IPHONEOS_DEPLOYMENT_TARGET = 15.5;
				MTL_ENABLE_DEBUG_INFO = INCLUDE_SOURCE;
				MTL_FAST_MATH = YES;
				ONLY_ACTIVE_ARCH = YES;
				SDKROOT = iphoneos;
				SWIFT_ACTIVE_COMPILATION_CONDITIONS = DEBUG;
				SWIFT_OPTIMIZATION_LEVEL = "-Onone";
			};
			name = Debug;
		};
		1F27E59D28E8887900E421B0 /* Release */ = {
			isa = XCBuildConfiguration;
			buildSettings = {
				ALWAYS_SEARCH_USER_PATHS = NO;
				CLANG_ANALYZER_NONNULL = YES;
				CLANG_ANALYZER_NUMBER_OBJECT_CONVERSION = YES_AGGRESSIVE;
				CLANG_CXX_LANGUAGE_STANDARD = "gnu++17";
				CLANG_ENABLE_MODULES = YES;
				CLANG_ENABLE_OBJC_ARC = YES;
				CLANG_ENABLE_OBJC_WEAK = YES;
				CLANG_WARN_BLOCK_CAPTURE_AUTORELEASING = YES;
				CLANG_WARN_BOOL_CONVERSION = YES;
				CLANG_WARN_COMMA = YES;
				CLANG_WARN_CONSTANT_CONVERSION = YES;
				CLANG_WARN_DEPRECATED_OBJC_IMPLEMENTATIONS = YES;
				CLANG_WARN_DIRECT_OBJC_ISA_USAGE = YES_ERROR;
				CLANG_WARN_DOCUMENTATION_COMMENTS = YES;
				CLANG_WARN_EMPTY_BODY = YES;
				CLANG_WARN_ENUM_CONVERSION = YES;
				CLANG_WARN_INFINITE_RECURSION = YES;
				CLANG_WARN_INT_CONVERSION = YES;
				CLANG_WARN_NON_LITERAL_NULL_CONVERSION = YES;
				CLANG_WARN_OBJC_IMPLICIT_RETAIN_SELF = YES;
				CLANG_WARN_OBJC_LITERAL_CONVERSION = YES;
				CLANG_WARN_OBJC_ROOT_CLASS = YES_ERROR;
				CLANG_WARN_QUOTED_INCLUDE_IN_FRAMEWORK_HEADER = YES;
				CLANG_WARN_RANGE_LOOP_ANALYSIS = YES;
				CLANG_WARN_STRICT_PROTOTYPES = YES;
				CLANG_WARN_SUSPICIOUS_MOVE = YES;
				CLANG_WARN_UNGUARDED_AVAILABILITY = YES_AGGRESSIVE;
				CLANG_WARN_UNREACHABLE_CODE = YES;
				CLANG_WARN__DUPLICATE_METHOD_MATCH = YES;
				COPY_PHASE_STRIP = NO;
				DEBUG_INFORMATION_FORMAT = "dwarf-with-dsym";
				ENABLE_NS_ASSERTIONS = NO;
				ENABLE_STRICT_OBJC_MSGSEND = YES;
				GCC_C_LANGUAGE_STANDARD = gnu11;
				GCC_NO_COMMON_BLOCKS = YES;
				GCC_WARN_64_TO_32_BIT_CONVERSION = YES;
				GCC_WARN_ABOUT_RETURN_TYPE = YES_ERROR;
				GCC_WARN_UNDECLARED_SELECTOR = YES;
				GCC_WARN_UNINITIALIZED_AUTOS = YES_AGGRESSIVE;
				GCC_WARN_UNUSED_FUNCTION = YES;
				GCC_WARN_UNUSED_VARIABLE = YES;
				IPHONEOS_DEPLOYMENT_TARGET = 15.5;
				MTL_ENABLE_DEBUG_INFO = NO;
				MTL_FAST_MATH = YES;
				SDKROOT = iphoneos;
				SWIFT_COMPILATION_MODE = wholemodule;
				SWIFT_OPTIMIZATION_LEVEL = "-O";
				VALIDATE_PRODUCT = YES;
			};
			name = Release;
		};
		1F27E59F28E8887900E421B0 /* Debug */ = {
			isa = XCBuildConfiguration;
			baseConfigurationReference = D4FA48CAEFD89E673F9E0B5D /* Pods-Parstagram.debug.xcconfig */;
			buildSettings = {
				ASSETCATALOG_COMPILER_APPICON_NAME = AppIcon;
				ASSETCATALOG_COMPILER_GLOBAL_ACCENT_COLOR_NAME = AccentColor;
				CODE_SIGN_STYLE = Automatic;
				CURRENT_PROJECT_VERSION = 1;
				GENERATE_INFOPLIST_FILE = YES;
				INFOPLIST_FILE = Parstagram/Info.plist;
				INFOPLIST_KEY_UIApplicationSupportsIndirectInputEvents = YES;
				INFOPLIST_KEY_UILaunchStoryboardName = LaunchScreen;
				INFOPLIST_KEY_UIMainStoryboardFile = Main;
				INFOPLIST_KEY_UISupportedInterfaceOrientations_iPad = "UIInterfaceOrientationPortrait UIInterfaceOrientationPortraitUpsideDown UIInterfaceOrientationLandscapeLeft UIInterfaceOrientationLandscapeRight";
				INFOPLIST_KEY_UISupportedInterfaceOrientations_iPhone = "UIInterfaceOrientationPortrait UIInterfaceOrientationLandscapeLeft UIInterfaceOrientationLandscapeRight";
				LD_RUNPATH_SEARCH_PATHS = (
					"$(inherited)",
					"@executable_path/Frameworks",
				);
				MARKETING_VERSION = 1.0;
				PRODUCT_BUNDLE_IDENTIFIER = fau.Parstagram;
				PRODUCT_NAME = "$(TARGET_NAME)";
				SWIFT_EMIT_LOC_STRINGS = YES;
				SWIFT_VERSION = 5.0;
				TARGETED_DEVICE_FAMILY = "1,2";
			};
			name = Debug;
		};
		1F27E5A028E8887900E421B0 /* Release */ = {
			isa = XCBuildConfiguration;
			baseConfigurationReference = 3D63F5F31B718EC4E817228E /* Pods-Parstagram.release.xcconfig */;
			buildSettings = {
				ASSETCATALOG_COMPILER_APPICON_NAME = AppIcon;
				ASSETCATALOG_COMPILER_GLOBAL_ACCENT_COLOR_NAME = AccentColor;
				CODE_SIGN_STYLE = Automatic;
				CURRENT_PROJECT_VERSION = 1;
				GENERATE_INFOPLIST_FILE = YES;
				INFOPLIST_FILE = Parstagram/Info.plist;
				INFOPLIST_KEY_UIApplicationSupportsIndirectInputEvents = YES;
				INFOPLIST_KEY_UILaunchStoryboardName = LaunchScreen;
				INFOPLIST_KEY_UIMainStoryboardFile = Main;
				INFOPLIST_KEY_UISupportedInterfaceOrientations_iPad = "UIInterfaceOrientationPortrait UIInterfaceOrientationPortraitUpsideDown UIInterfaceOrientationLandscapeLeft UIInterfaceOrientationLandscapeRight";
				INFOPLIST_KEY_UISupportedInterfaceOrientations_iPhone = "UIInterfaceOrientationPortrait UIInterfaceOrientationLandscapeLeft UIInterfaceOrientationLandscapeRight";
				LD_RUNPATH_SEARCH_PATHS = (
					"$(inherited)",
					"@executable_path/Frameworks",
				);
				MARKETING_VERSION = 1.0;
				PRODUCT_BUNDLE_IDENTIFIER = fau.Parstagram;
				PRODUCT_NAME = "$(TARGET_NAME)";
				SWIFT_EMIT_LOC_STRINGS = YES;
				SWIFT_VERSION = 5.0;
				TARGETED_DEVICE_FAMILY = "1,2";
			};
			name = Release;
		};
		1F27E5A228E8887900E421B0 /* Debug */ = {
			isa = XCBuildConfiguration;
			baseConfigurationReference = 4EC0216C05E8C2C29905F2DD /* Pods-ParstagramTests.debug.xcconfig */;
			buildSettings = {
				ALWAYS_EMBED_SWIFT_STANDARD_LIBRARIES = YES;
				BUNDLE_LOADER = "$(TEST_HOST)";
				CODE_SIGN_STYLE = Automatic;
				CURRENT_PROJECT_VERSION = 1;
				GENERATE_INFOPLIST_FILE = YES;
				IPHONEOS_DEPLOYMENT_TARGET = 15.5;
				MARKETING_VERSION = 1.0;
				PRODUCT_BUNDLE_IDENTIFIER = fau.ParstagramTests;
				PRODUCT_NAME = "$(TARGET_NAME)";
				SWIFT_EMIT_LOC_STRINGS = NO;
				SWIFT_VERSION = 5.0;
				TARGETED_DEVICE_FAMILY = "1,2";
				TEST_HOST = "$(BUILT_PRODUCTS_DIR)/Parstagram.app/Parstagram";
			};
			name = Debug;
		};
		1F27E5A328E8887900E421B0 /* Release */ = {
			isa = XCBuildConfiguration;
			baseConfigurationReference = D52ECC6230585FA155572864 /* Pods-ParstagramTests.release.xcconfig */;
			buildSettings = {
				ALWAYS_EMBED_SWIFT_STANDARD_LIBRARIES = YES;
				BUNDLE_LOADER = "$(TEST_HOST)";
				CODE_SIGN_STYLE = Automatic;
				CURRENT_PROJECT_VERSION = 1;
				GENERATE_INFOPLIST_FILE = YES;
				IPHONEOS_DEPLOYMENT_TARGET = 15.5;
				MARKETING_VERSION = 1.0;
				PRODUCT_BUNDLE_IDENTIFIER = fau.ParstagramTests;
				PRODUCT_NAME = "$(TARGET_NAME)";
				SWIFT_EMIT_LOC_STRINGS = NO;
				SWIFT_VERSION = 5.0;
				TARGETED_DEVICE_FAMILY = "1,2";
				TEST_HOST = "$(BUILT_PRODUCTS_DIR)/Parstagram.app/Parstagram";
			};
			name = Release;
		};
		1F27E5A528E8887900E421B0 /* Debug */ = {
			isa = XCBuildConfiguration;
			baseConfigurationReference = 559C7B9F9C0C6F6AFD93E1F4 /* Pods-Parstagram-ParstagramUITests.debug.xcconfig */;
			buildSettings = {
				ALWAYS_EMBED_SWIFT_STANDARD_LIBRARIES = YES;
				CODE_SIGN_STYLE = Automatic;
				CURRENT_PROJECT_VERSION = 1;
				GENERATE_INFOPLIST_FILE = YES;
				MARKETING_VERSION = 1.0;
				PRODUCT_BUNDLE_IDENTIFIER = fau.ParstagramUITests;
				PRODUCT_NAME = "$(TARGET_NAME)";
				SWIFT_EMIT_LOC_STRINGS = NO;
				SWIFT_VERSION = 5.0;
				TARGETED_DEVICE_FAMILY = "1,2";
				TEST_TARGET_NAME = Parstagram;
			};
			name = Debug;
		};
		1F27E5A628E8887900E421B0 /* Release */ = {
			isa = XCBuildConfiguration;
			baseConfigurationReference = DD0276D3EB8864A3BE81AEAB /* Pods-Parstagram-ParstagramUITests.release.xcconfig */;
			buildSettings = {
				ALWAYS_EMBED_SWIFT_STANDARD_LIBRARIES = YES;
				CODE_SIGN_STYLE = Automatic;
				CURRENT_PROJECT_VERSION = 1;
				GENERATE_INFOPLIST_FILE = YES;
				MARKETING_VERSION = 1.0;
				PRODUCT_BUNDLE_IDENTIFIER = fau.ParstagramUITests;
				PRODUCT_NAME = "$(TARGET_NAME)";
				SWIFT_EMIT_LOC_STRINGS = NO;
				SWIFT_VERSION = 5.0;
				TARGETED_DEVICE_FAMILY = "1,2";
				TEST_TARGET_NAME = Parstagram;
			};
			name = Release;
		};
/* End XCBuildConfiguration section */

/* Begin XCConfigurationList section */
		1F27E56F28E8887700E421B0 /* Build configuration list for PBXProject "Parstagram" */ = {
			isa = XCConfigurationList;
			buildConfigurations = (
				1F27E59C28E8887900E421B0 /* Debug */,
				1F27E59D28E8887900E421B0 /* Release */,
			);
			defaultConfigurationIsVisible = 0;
			defaultConfigurationName = Release;
		};
		1F27E59E28E8887900E421B0 /* Build configuration list for PBXNativeTarget "Parstagram" */ = {
			isa = XCConfigurationList;
			buildConfigurations = (
				1F27E59F28E8887900E421B0 /* Debug */,
				1F27E5A028E8887900E421B0 /* Release */,
			);
			defaultConfigurationIsVisible = 0;
			defaultConfigurationName = Release;
		};
		1F27E5A128E8887900E421B0 /* Build configuration list for PBXNativeTarget "ParstagramTests" */ = {
			isa = XCConfigurationList;
			buildConfigurations = (
				1F27E5A228E8887900E421B0 /* Debug */,
				1F27E5A328E8887900E421B0 /* Release */,
			);
			defaultConfigurationIsVisible = 0;
			defaultConfigurationName = Release;
		};
		1F27E5A428E8887900E421B0 /* Build configuration list for PBXNativeTarget "ParstagramUITests" */ = {
			isa = XCConfigurationList;
			buildConfigurations = (
				1F27E5A528E8887900E421B0 /* Debug */,
				1F27E5A628E8887900E421B0 /* Release */,
			);
			defaultConfigurationIsVisible = 0;
			defaultConfigurationName = Release;
		};
/* End XCConfigurationList section */

/* Begin XCRemoteSwiftPackageReference section */
		1F27E5AD28E8AB4A00E421B0 /* XCRemoteSwiftPackageReference "AlamofireImage" */ = {
			isa = XCRemoteSwiftPackageReference;
			repositoryURL = "https://github.com/Alamofire/AlamofireImage";
			requirement = {
				kind = upToNextMajorVersion;
				minimumVersion = 4.0.0;
			};
		};
		1F27E5B028E8AB7E00E421B0 /* XCRemoteSwiftPackageReference "AlamofireImage" */ = {
			isa = XCRemoteSwiftPackageReference;
			repositoryURL = "https://github.com/Alamofire/AlamofireImage";
			requirement = {
				kind = upToNextMajorVersion;
				minimumVersion = 4.0.0;
			};
		};
/* End XCRemoteSwiftPackageReference section */

/* Begin XCSwiftPackageProductDependency section */
		1F27E5AE28E8AB4A00E421B0 /* AlamofireImage */ = {
			isa = XCSwiftPackageProductDependency;
			package = 1F27E5AD28E8AB4A00E421B0 /* XCRemoteSwiftPackageReference "AlamofireImage" */;
			productName = AlamofireImage;
		};
		1F27E5B128E8AB7E00E421B0 /* AlamofireImage */ = {
			isa = XCSwiftPackageProductDependency;
			package = 1F27E5AD28E8AB4A00E421B0 /* XCRemoteSwiftPackageReference "AlamofireImage" */;
			productName = AlamofireImage;
		};
/* End XCSwiftPackageProductDependency section */
	};
	rootObject = 1F27E56C28E8887700E421B0 /* Project object */;
}
